
Microsoft Visual Studio Solution File, Format Version 12.00
# Visual Studio Version 17
VisualStudioVersion = 17.6.33712.159
MinimumVisualStudioVersion = 10.0.40219.1
Project("{2150E333-8FDC-42A3-9474-1A3956D46DE8}") = "Services", "Services", "{022DD5CA-AF58-4CEE-856A-EBF066BE4071}"
EndProject
Project("{2150E333-8FDC-42A3-9474-1A3956D46DE8}") = "Catalog", "Catalog", "{344BD8C6-D810-492F-A23A-3F60A42F3702}"
EndProject
Project("{9A19103F-16F7-4668-BE54-9A1E7A4F7556}") = "MultiShop.Catalog", "Services\Catalog\MultiShop.Catalog\MultiShop.Catalog.csproj", "{155B2D6C-CA58-404B-89A4-75F2CCDDF5A9}"
EndProject
Project("{2150E333-8FDC-42A3-9474-1A3956D46DE8}") = "Discount", "Discount", "{CE21CF28-2E38-4287-817E-2050E5B641F5}"
EndProject
Project("{9A19103F-16F7-4668-BE54-9A1E7A4F7556}") = "MultiShop.Discount", "Services\Discount\MultiShop.Discount\MultiShop.Discount.csproj", "{12A01B05-4521-4C43-8B09-EB1E04F940E3}"
EndProject
Project("{2150E333-8FDC-42A3-9474-1A3956D46DE8}") = "Order", "Order", "{41B0E37A-043B-469C-A4F2-6401B18FF3DC}"
EndProject
Project("{2150E333-8FDC-42A3-9474-1A3956D46DE8}") = "Core", "Core", "{602B3F1D-A71E-4325-BD73-24D72C8D4516}"
EndProject
Project("{2150E333-8FDC-42A3-9474-1A3956D46DE8}") = "Infrastructure", "Infrastructure", "{DDF06BC7-689D-4FC5-87D0-900D3EA7FA21}"
EndProject
Project("{2150E333-8FDC-42A3-9474-1A3956D46DE8}") = "Presentation", "Presentation", "{C936BDFB-E5A3-4165-9A33-9C6FDD4E839F}"
EndProject
Project("{FAE04EC0-301F-11D3-BF4B-00C04F79EFBC}") = "MultiShop.Order.Domain", "Services\Order\Core\MultiShop.Order.Domain\MultiShop.Order.Domain.csproj", "{957D43B1-5317-4E25-84CC-3C6163ABE281}"
EndProject
Project("{FAE04EC0-301F-11D3-BF4B-00C04F79EFBC}") = "MultiShop.Order.Application", "Services\Order\Core\MultiShop.Order.Application\MultiShop.Order.Application.csproj", "{F1FDE0A3-6CBD-4FBF-9577-477046C0845A}"
EndProject
Project("{FAE04EC0-301F-11D3-BF4B-00C04F79EFBC}") = "MultiShop.Order.Persistence", "Services\Order\Infrastructure\MultiShop.Order.Persistence\MultiShop.Order.Persistence.csproj", "{FE7F9383-A4A3-4239-BF03-87275CCA25D1}"
EndProject
Project("{FAE04EC0-301F-11D3-BF4B-00C04F79EFBC}") = "MultiShop.Order.WebApi", "Services\Order\Presentation\MultiShop.Order.WebApi\MultiShop.Order.WebApi.csproj", "{E052DB4D-F5C5-4C09-B964-265A3AEEF11E}"
EndProject
Global
	GlobalSection(SolutionConfigurationPlatforms) = preSolution
		Debug|Any CPU = Debug|Any CPU
		Release|Any CPU = Release|Any CPU
	EndGlobalSection
	GlobalSection(ProjectConfigurationPlatforms) = postSolution
		{155B2D6C-CA58-404B-89A4-75F2CCDDF5A9}.Debug|Any CPU.ActiveCfg = Debug|Any CPU
		{155B2D6C-CA58-404B-89A4-75F2CCDDF5A9}.Debug|Any CPU.Build.0 = Debug|Any CPU
		{155B2D6C-CA58-404B-89A4-75F2CCDDF5A9}.Release|Any CPU.ActiveCfg = Release|Any CPU
		{155B2D6C-CA58-404B-89A4-75F2CCDDF5A9}.Release|Any CPU.Build.0 = Release|Any CPU
		{12A01B05-4521-4C43-8B09-EB1E04F940E3}.Debug|Any CPU.ActiveCfg = Debug|Any CPU
		{12A01B05-4521-4C43-8B09-EB1E04F940E3}.Debug|Any CPU.Build.0 = Debug|Any CPU
		{12A01B05-4521-4C43-8B09-EB1E04F940E3}.Release|Any CPU.ActiveCfg = Release|Any CPU
		{12A01B05-4521-4C43-8B09-EB1E04F940E3}.Release|Any CPU.Build.0 = Release|Any CPU
		{957D43B1-5317-4E25-84CC-3C6163ABE281}.Debug|Any CPU.ActiveCfg = Debug|Any CPU
		{957D43B1-5317-4E25-84CC-3C6163ABE281}.Debug|Any CPU.Build.0 = Debug|Any CPU
		{957D43B1-5317-4E25-84CC-3C6163ABE281}.Release|Any CPU.ActiveCfg = Release|Any CPU
		{957D43B1-5317-4E25-84CC-3C6163ABE281}.Release|Any CPU.Build.0 = Release|Any CPU
		{F1FDE0A3-6CBD-4FBF-9577-477046C0845A}.Debug|Any CPU.ActiveCfg = Debug|Any CPU
		{F1FDE0A3-6CBD-4FBF-9577-477046C0845A}.Debug|Any CPU.Build.0 = Debug|Any CPU
		{F1FDE0A3-6CBD-4FBF-9577-477046C0845A}.Release|Any CPU.ActiveCfg = Release|Any CPU
		{F1FDE0A3-6CBD-4FBF-9577-477046C0845A}.Release|Any CPU.Build.0 = Release|Any CPU
		{FE7F9383-A4A3-4239-BF03-87275CCA25D1}.Debug|Any CPU.ActiveCfg = Debug|Any CPU
		{FE7F9383-A4A3-4239-BF03-87275CCA25D1}.Debug|Any CPU.Build.0 = Debug|Any CPU
		{FE7F9383-A4A3-4239-BF03-87275CCA25D1}.Release|Any CPU.ActiveCfg = Release|Any CPU
		{FE7F9383-A4A3-4239-BF03-87275CCA25D1}.Release|Any CPU.Build.0 = Release|Any CPU
		{E052DB4D-F5C5-4C09-B964-265A3AEEF11E}.Debug|Any CPU.ActiveCfg = Debug|Any CPU
		{E052DB4D-F5C5-4C09-B964-265A3AEEF11E}.Debug|Any CPU.Build.0 = Debug|Any CPU
		{E052DB4D-F5C5-4C09-B964-265A3AEEF11E}.Release|Any CPU.ActiveCfg = Release|Any CPU
		{E052DB4D-F5C5-4C09-B964-265A3AEEF11E}.Release|Any CPU.Build.0 = Release|Any CPU
	EndGlobalSection
	GlobalSection(SolutionProperties) = preSolution
		HideSolutionNode = FALSE
	EndGlobalSection
	GlobalSection(NestedProjects) = preSolution
		{344BD8C6-D810-492F-A23A-3F60A42F3702} = {022DD5CA-AF58-4CEE-856A-EBF066BE4071}
		{155B2D6C-CA58-404B-89A4-75F2CCDDF5A9} = {344BD8C6-D810-492F-A23A-3F60A42F3702}
		{CE21CF28-2E38-4287-817E-2050E5B641F5} = {022DD5CA-AF58-4CEE-856A-EBF066BE4071}
		{12A01B05-4521-4C43-8B09-EB1E04F940E3} = {CE21CF28-2E38-4287-817E-2050E5B641F5}
		{41B0E37A-043B-469C-A4F2-6401B18FF3DC} = {022DD5CA-AF58-4CEE-856A-EBF066BE4071}
		{602B3F1D-A71E-4325-BD73-24D72C8D4516} = {41B0E37A-043B-469C-A4F2-6401B18FF3DC}
		{DDF06BC7-689D-4FC5-87D0-900D3EA7FA21} = {41B0E37A-043B-469C-A4F2-6401B18FF3DC}
		{C936BDFB-E5A3-4165-9A33-9C6FDD4E839F} = {41B0E37A-043B-469C-A4F2-6401B18FF3DC}
		{957D43B1-5317-4E25-84CC-3C6163ABE281} = {602B3F1D-A71E-4325-BD73-24D72C8D4516}
		{F1FDE0A3-6CBD-4FBF-9577-477046C0845A} = {602B3F1D-A71E-4325-BD73-24D72C8D4516}
		{FE7F9383-A4A3-4239-BF03-87275CCA25D1} = {DDF06BC7-689D-4FC5-87D0-900D3EA7FA21}
		{E052DB4D-F5C5-4C09-B964-265A3AEEF11E} = {C936BDFB-E5A3-4165-9A33-9C6FDD4E839F}
	EndGlobalSection
	GlobalSection(ExtensibilityGlobals) = postSolution
		SolutionGuid = {FDD3F334-62DD-48C4-AAFF-8F47A749CC40}
	EndGlobalSection
EndGlobal
